
Microsoft Visual Studio Solution File, Format Version 12.00
# Visual Studio Version 17
VisualStudioVersion = 17.7.34024.191
MinimumVisualStudioVersion = 10.0.40219.1
Project("{FAE04EC0-301F-11D3-BF4B-00C04F79EFBC}") = "Week2", "Week2\Week2.csproj", "{D3A76B8E-12D0-4AD5-8833-9BCDD832F007}"
EndProject
Project("{FAE04EC0-301F-11D3-BF4B-00C04F79EFBC}") = "UserGenderValidation", "UserGenderValidation\UserGenderValidation.csproj", "{CE10DBD1-4E09-4478-B9CF-A23AFCF33055}"
EndProject
Project("{FAE04EC0-301F-11D3-BF4B-00C04F79EFBC}") = "UserAgeValidation1", "UserAgeValidation1\UserAgeValidation1.csproj", "{7DA7C288-D87E-4135-9A0E-BA44ED008B55}"
EndProject
Global
	GlobalSection(SolutionConfigurationPlatforms) = preSolution
		Debug|Any CPU = Debug|Any CPU
		Release|Any CPU = Release|Any CPU
	EndGlobalSection
	GlobalSection(ProjectConfigurationPlatforms) = postSolution
		{D3A76B8E-12D0-4AD5-8833-9BCDD832F007}.Debug|Any CPU.ActiveCfg = Debug|Any CPU
		{D3A76B8E-12D0-4AD5-8833-9BCDD832F007}.Debug|Any CPU.Build.0 = Debug|Any CPU
		{D3A76B8E-12D0-4AD5-8833-9BCDD832F007}.Release|Any CPU.ActiveCfg = Release|Any CPU
		{D3A76B8E-12D0-4AD5-8833-9BCDD832F007}.Release|Any CPU.Build.0 = Release|Any CPU
		{CE10DBD1-4E09-4478-B9CF-A23AFCF33055}.Debug|Any CPU.ActiveCfg = Debug|Any CPU
		{CE10DBD1-4E09-4478-B9CF-A23AFCF33055}.Debug|Any CPU.Build.0 = Debug|Any CPU
		{CE10DBD1-4E09-4478-B9CF-A23AFCF33055}.Release|Any CPU.ActiveCfg = Release|Any CPU
		{CE10DBD1-4E09-4478-B9CF-A23AFCF33055}.Release|Any CPU.Build.0 = Release|Any CPU
		{7DA7C288-D87E-4135-9A0E-BA44ED008B55}.Debug|Any CPU.ActiveCfg = Debug|Any CPU
		{7DA7C288-D87E-4135-9A0E-BA44ED008B55}.Debug|Any CPU.Build.0 = Debug|Any CPU
		{7DA7C288-D87E-4135-9A0E-BA44ED008B55}.Release|Any CPU.ActiveCfg = Release|Any CPU
		{7DA7C288-D87E-4135-9A0E-BA44ED008B55}.Release|Any CPU.Build.0 = Release|Any CPU
	EndGlobalSection
	GlobalSection(SolutionProperties) = preSolution
		HideSolutionNode = FALSE
	EndGlobalSection
	GlobalSection(ExtensibilityGlobals) = postSolution
		SolutionGuid = {69F016BD-E0E8-4384-83BB-FC7BCF08DAE1}
	EndGlobalSection
EndGlobal
